
Microsoft Visual Studio Solution File, Format Version 12.00
# Visual Studio Version 17
VisualStudioVersion = 17.2.32526.322
MinimumVisualStudioVersion = 10.0.40219.1
Project("{FAE04EC0-301F-11D3-BF4B-00C04F79EFBC}") = "DummyDataTest", "DummyDataTest.csproj", "{41980022-D67D-44FD-BCEB-091121B2AE3A}"
EndProject
Global
	GlobalSection(SolutionConfigurationPlatforms) = preSolution
		Debug|Any CPU = Debug|Any CPU
		Release|Any CPU = Release|Any CPU
	EndGlobalSection
	GlobalSection(ProjectConfigurationPlatforms) = postSolution
		{41980022-D67D-44FD-BCEB-091121B2AE3A}.Debug|Any CPU.ActiveCfg = Debug|Any CPU
		{41980022-D67D-44FD-BCEB-091121B2AE3A}.Debug|Any CPU.Build.0 = Debug|Any CPU
		{41980022-D67D-44FD-BCEB-091121B2AE3A}.Release|Any CPU.ActiveCfg = Release|Any CPU
		{41980022-D67D-44FD-BCEB-091121B2AE3A}.Release|Any CPU.Build.0 = Release|Any CPU
	EndGlobalSection
	GlobalSection(SolutionProperties) = preSolution
		HideSolutionNode = FALSE
	EndGlobalSection
	GlobalSection(ExtensibilityGlobals) = postSolution
		SolutionGuid = {877CD1D0-7A6C-45CE-9BF2-62BF852D32CD}
	EndGlobalSection
EndGlobal
