
Microsoft Visual Studio Solution File, Format Version 12.00
# Visual Studio Version 16
VisualStudioVersion = 16.0.32510.428
MinimumVisualStudioVersion = 10.0.40219.1
Project("{FAE04EC0-301F-11D3-BF4B-00C04F79EFBC}") = "WpfBikeShop", "WpfBikeShop.csproj", "{8B24643A-4030-4962-B9D7-0401E7278C47}"
EndProject
Global
	GlobalSection(SolutionConfigurationPlatforms) = preSolution
		Debug|Any CPU = Debug|Any CPU
		Release|Any CPU = Release|Any CPU
	EndGlobalSection
	GlobalSection(ProjectConfigurationPlatforms) = postSolution
		{8B24643A-4030-4962-B9D7-0401E7278C47}.Debug|Any CPU.ActiveCfg = Debug|Any CPU
		{8B24643A-4030-4962-B9D7-0401E7278C47}.Debug|Any CPU.Build.0 = Debug|Any CPU
		{8B24643A-4030-4962-B9D7-0401E7278C47}.Release|Any CPU.ActiveCfg = Release|Any CPU
		{8B24643A-4030-4962-B9D7-0401E7278C47}.Release|Any CPU.Build.0 = Release|Any CPU
	EndGlobalSection
	GlobalSection(SolutionProperties) = preSolution
		HideSolutionNode = FALSE
	EndGlobalSection
	GlobalSection(ExtensibilityGlobals) = postSolution
		SolutionGuid = {ED0A829D-4D31-441D-A067-395EB27D791B}
	EndGlobalSection
EndGlobal
