
Microsoft Visual Studio Solution File, Format Version 12.00
# Visual Studio Version 17
VisualStudioVersion = 17.2.32526.322
MinimumVisualStudioVersion = 10.0.40219.1
Project("{FAE04EC0-301F-11D3-BF4B-00C04F79EFBC}") = "WpfMvvmApp", "WpfMvvmApp.csproj", "{6F32B1C1-A9C3-44D2-AAC9-5DFFBD0DDEC7}"
EndProject
Global
	GlobalSection(SolutionConfigurationPlatforms) = preSolution
		Debug|Any CPU = Debug|Any CPU
		Release|Any CPU = Release|Any CPU
	EndGlobalSection
	GlobalSection(ProjectConfigurationPlatforms) = postSolution
		{6F32B1C1-A9C3-44D2-AAC9-5DFFBD0DDEC7}.Debug|Any CPU.ActiveCfg = Debug|Any CPU
		{6F32B1C1-A9C3-44D2-AAC9-5DFFBD0DDEC7}.Debug|Any CPU.Build.0 = Debug|Any CPU
		{6F32B1C1-A9C3-44D2-AAC9-5DFFBD0DDEC7}.Release|Any CPU.ActiveCfg = Release|Any CPU
		{6F32B1C1-A9C3-44D2-AAC9-5DFFBD0DDEC7}.Release|Any CPU.Build.0 = Release|Any CPU
	EndGlobalSection
	GlobalSection(SolutionProperties) = preSolution
		HideSolutionNode = FALSE
	EndGlobalSection
	GlobalSection(ExtensibilityGlobals) = postSolution
		SolutionGuid = {DEF9EC09-F7EE-4226-90C1-E078DDE74189}
	EndGlobalSection
EndGlobal
